dependencies:
- name: docker-registry
  repository: https://helm.twun.io
  version: 2.2.2
- name: docker-registry-ui
  repository: https://helm.joxit.dev
  version: 1.0.0
- name: dockerconfigjson
  repository: https://snowplow-devops.github.io/helm-charts
  version: 0.1.0
digest: sha256:101a5ef7f1c2159589029e60189265524ea9be0ec1bf557dca55ad9f1bae4885
generated: "2023-04-25T21:08:23.485045331Z"
